{
  "name": "better-interface",
  "version": "1.0.0",
  "lockfileVersion": 1,
  "requires": true,
  "dependencies": {
    "better-xlsx": {
      "version": "https://registry.npmjs.org/better-xlsx/-/better-xlsx-0.4.0.tgz",
      "integrity": "sha1-cj5WPAhaEH+Cpx9BeLR7GajP8hs=",
      "requires": {
        "jszip": "https://registry.npmjs.org/jszip/-/jszip-3.1.4.tgz",
        "kind-of": "https://registry.npmjs.org/kind-of/-/kind-of-6.0.0.tgz"
      }
    },
    "core-js": {
      "version": "https://registry.npmjs.org/core-js/-/core-js-2.3.0.tgz",
      "integrity": "sha1-+rg/uwstjchfpjbEudNMdUIMbWU="
    },
    "core-util-is": {
      "version": "https://registry.npmjs.org/core-util-is/-/core-util-is-1.0.2.tgz",
      "integrity": "sha1-tf1UIgqivFq1eqtxQMlAdUUDwac="
    },
    "es6-promise": {
      "version": "https://registry.npmjs.org/es6-promise/-/es6-promise-3.0.2.tgz",
      "integrity": "sha1-AQ1YWEI6XxGJeWZfRkhqlcbuK7Y="
    },
    "iconv-lite": {
      "version": "0.4.19",
      "resolved": "http://registry.npm.taobao.org/iconv-lite/download/iconv-lite-0.4.19.tgz",
      "integrity": "sha1-90aPYBNfXl2tM5nAqBvpoWA6CCs="
    },
    "immediate": {
      "version": "https://registry.npmjs.org/immediate/-/immediate-3.0.6.tgz",
      "integrity": "sha1-nbHb0Pr43m++D13V5Wu2BigN5ps="
    },
    "inherits": {
      "version": "https://registry.npmjs.org/inherits/-/inherits-2.0.3.tgz",
      "integrity": "sha1-Yzwsg+PaQqUC9SRmAiSA9CCCYd4="
    },
    "isarray": {
      "version": "https://registry.npmjs.org/isarray/-/isarray-1.0.0.tgz",
      "integrity": "sha1-u5NdSFgsuhaMBoNJV6VKPgcSTxE="
    },
    "jszip": {
      "version": "https://registry.npmjs.org/jszip/-/jszip-3.1.4.tgz",
      "integrity": "sha1-/DI/5BuxcwNI0g3QIqpNi1fLvPk=",
      "requires": {
        "core-js": "https://registry.npmjs.org/core-js/-/core-js-2.3.0.tgz",
        "es6-promise": "https://registry.npmjs.org/es6-promise/-/es6-promise-3.0.2.tgz",
        "lie": "https://registry.npmjs.org/lie/-/lie-3.1.1.tgz",
        "pako": "https://registry.npmjs.org/pako/-/pako-1.0.6.tgz",
        "readable-stream": "https://registry.npmjs.org/readable-stream/-/readable-stream-2.0.6.tgz"
      }
    },
    "kind-of": {
      "version": "https://registry.npmjs.org/kind-of/-/kind-of-6.0.0.tgz",
      "integrity": "sha1-Ngbp4vqWDn3aqImMA4BOR+XWZkQ="
    },
    "lie": {
      "version": "https://registry.npmjs.org/lie/-/lie-3.1.1.tgz",
      "integrity": "sha1-mkNrLMd0bKWd56QfpGmz77dr2H4=",
      "requires": {
        "immediate": "https://registry.npmjs.org/immediate/-/immediate-3.0.6.tgz"
      }
    },
    "pako": {
      "version": "https://registry.npmjs.org/pako/-/pako-1.0.6.tgz",
      "integrity": "sha1-AQEhG6pwxLykoPY/Igbpe3368lg="
    },
    "process-nextick-args": {
      "version": "https://registry.npmjs.org/process-nextick-args/-/process-nextick-args-1.0.7.tgz",
      "integrity": "sha1-FQ4gt1ZZCtP5EJPyWk8q2L/zC6M="
    },
    "readable-stream": {
      "version": "https://registry.npmjs.org/readable-stream/-/readable-stream-2.0.6.tgz",
      "integrity": "sha1-j5A0HmilPMySh4jaz80Rs265t44=",
      "requires": {
        "core-util-is": "https://registry.npmjs.org/core-util-is/-/core-util-is-1.0.2.tgz",
        "inherits": "https://registry.npmjs.org/inherits/-/inherits-2.0.3.tgz",
        "isarray": "https://registry.npmjs.org/isarray/-/isarray-1.0.0.tgz",
        "process-nextick-args": "https://registry.npmjs.org/process-nextick-args/-/process-nextick-args-1.0.7.tgz",
        "string_decoder": "https://registry.npmjs.org/string_decoder/-/string_decoder-0.10.31.tgz",
        "util-deprecate": "https://registry.npmjs.org/util-deprecate/-/util-deprecate-1.0.2.tgz"
      }
    },
    "sax": {
      "version": "https://registry.npmjs.org/sax/-/sax-1.2.4.tgz",
      "integrity": "sha1-KBYjTiN4vdxOU1T6tcqold9xANk="
    },
    "string_decoder": {
      "version": "https://registry.npmjs.org/string_decoder/-/string_decoder-0.10.31.tgz",
      "integrity": "sha1-YuIDvEF2bGwoyfyEMB2rHFMQ+pQ="
    },
    "util-deprecate": {
      "version": "https://registry.npmjs.org/util-deprecate/-/util-deprecate-1.0.2.tgz",
      "integrity": "sha1-RQ1Nyfpw3nMnYvvS1KKJgUGaDM8="
    },
    "xml2js": {
      "version": "https://registry.npmjs.org/xml2js/-/xml2js-0.4.19.tgz",
      "integrity": "sha1-aGwg8hMgnpSr8NG88e+qKRx4J6c=",
      "requires": {
        "sax": "https://registry.npmjs.org/sax/-/sax-1.2.4.tgz",
        "xmlbuilder": "https://registry.npmjs.org/xmlbuilder/-/xmlbuilder-9.0.4.tgz"
      }
    },
    "xmlbuilder": {
      "version": "https://registry.npmjs.org/xmlbuilder/-/xmlbuilder-9.0.4.tgz",
      "integrity": "sha1-UZy0ymhtAFqEINNJbz8MruzKWA8="
    }
  }
}
